// !$*UTF8*$!
{
	archiveVersion = 1;
	classes = {
	};
	objectVersion = 51;
	objects = {

/* Begin PBXBuildFile section */
		13A06ED4233A279800E62914 /* AppDelegate.swift in Sources */ = {isa = PBXBuildFile; fileRef = 13A06ED3233A279800E62914 /* AppDelegate.swift */; };
		13A06ED9233A279800E62914 /* Main.storyboard in Resources */ = {isa = PBXBuildFile; fileRef = 13A06ED7233A279800E62914 /* Main.storyboard */; };
		13A06EDB233A279A00E62914 /* Assets.xcassets in Resources */ = {isa = PBXBuildFile; fileRef = 13A06EDA233A279A00E62914 /* Assets.xcassets */; };
		13A06EDE233A279A00E62914 /* LaunchScreen.storyboard in Resources */ = {isa = PBXBuildFile; fileRef = 13A06EDC233A279A00E62914 /* LaunchScreen.storyboard */; };
		13A06EE9233A279B00E62914 /* ExpenseManagerTests.swift in Sources */ = {isa = PBXBuildFile; fileRef = 13A06EE8233A279B00E62914 /* ExpenseManagerTests.swift */; };
		13A06EF4233A279B00E62914 /* ExpenseManagerUITests.swift in Sources */ = {isa = PBXBuildFile; fileRef = 13A06EF3233A279B00E62914 /* ExpenseManagerUITests.swift */; };
		13A06F06233A29BD00E62914 /* Localizable.strings in Resources */ = {isa = PBXBuildFile; fileRef = 13A06F08233A29BD00E62914 /* Localizable.strings */; };
		13A06F0C233A2B4600E62914 /* UIColor+Extension.swift in Sources */ = {isa = PBXBuildFile; fileRef = 13A06F0B233A2B4600E62914 /* UIColor+Extension.swift */; };
		13A06F0F233A2B7C00E62914 /* ExpensesListViewController.swift in Sources */ = {isa = PBXBuildFile; fileRef = 13A06F0E233A2B7C00E62914 /* ExpensesListViewController.swift */; };
		13A06F12233A2BD700E62914 /* Constant.swift in Sources */ = {isa = PBXBuildFile; fileRef = 13A06F11233A2BD700E62914 /* Constant.swift */; };
		13A06F14233A2BFB00E62914 /* String+Extension.swift in Sources */ = {isa = PBXBuildFile; fileRef = 13A06F13233A2BFB00E62914 /* String+Extension.swift */; };
		13A06F19233A2DAB00E62914 /* Storyboard.swift in Sources */ = {isa = PBXBuildFile; fileRef = 13A06F18233A2DAB00E62914 /* Storyboard.swift */; };
		13A06F56233A335C00E62914 /* ExpenseTableViewCell.swift in Sources */ = {isa = PBXBuildFile; fileRef = 13A06F55233A335C00E62914 /* ExpenseTableViewCell.swift */; };
		13A06F63233A361200E62914 /* ExpensesRouter.swift in Sources */ = {isa = PBXBuildFile; fileRef = 13A06F5A233A361100E62914 /* ExpensesRouter.swift */; };
		13A06F65233A361200E62914 /* NetworkManager.swift in Sources */ = {isa = PBXBuildFile; fileRef = 13A06F5C233A361100E62914 /* NetworkManager.swift */; };
		13A06F66233A361200E62914 /* HTTPRouter.swift in Sources */ = {isa = PBXBuildFile; fileRef = 13A06F5E233A361100E62914 /* HTTPRouter.swift */; };
		13A06F69233A361200E62914 /* NetworkError.swift in Sources */ = {isa = PBXBuildFile; fileRef = 13A06F61233A361100E62914 /* NetworkError.swift */; };
		13A06F6D233A3CB900E62914 /* ExpensesListPresenter.swift in Sources */ = {isa = PBXBuildFile; fileRef = 13A06F6A233A3CB900E62914 /* ExpensesListPresenter.swift */; };
		13A06F6E233A3CB900E62914 /* ExpensesListProvider.swift in Sources */ = {isa = PBXBuildFile; fileRef = 13A06F6B233A3CB900E62914 /* ExpensesListProvider.swift */; };
		13A06F6F233A3CB900E62914 /* ExpensesListView.swift in Sources */ = {isa = PBXBuildFile; fileRef = 13A06F6C233A3CB900E62914 /* ExpensesListView.swift */; };
		13A06F77233A3CE200E62914 /* Amount.swift in Sources */ = {isa = PBXBuildFile; fileRef = 13A06F72233A3CE200E62914 /* Amount.swift */; };
		13A06F78233A3CE200E62914 /* ExpensesResponse.swift in Sources */ = {isa = PBXBuildFile; fileRef = 13A06F73233A3CE200E62914 /* ExpensesResponse.swift */; };
		13A06F79233A3CE200E62914 /* User.swift in Sources */ = {isa = PBXBuildFile; fileRef = 13A06F74233A3CE200E62914 /* User.swift */; };
		13A06F7A233A3CE200E62914 /* Receipt.swift in Sources */ = {isa = PBXBuildFile; fileRef = 13A06F75233A3CE200E62914 /* Receipt.swift */; };
		13A06F7B233A3CE200E62914 /* Expenses.swift in Sources */ = {isa = PBXBuildFile; fileRef = 13A06F76233A3CE200E62914 /* Expenses.swift */; };
		13A06F7D233A3D3600E62914 /* Date+Extension.swift in Sources */ = {isa = PBXBuildFile; fileRef = 13A06F7C233A3D3600E62914 /* Date+Extension.swift */; };
		13A06F7F233A3DBA00E62914 /* RappleIndicator.swift in Sources */ = {isa = PBXBuildFile; fileRef = 13A06F7E233A3DBA00E62914 /* RappleIndicator.swift */; };
		13A06F81233A3E2F00E62914 /* AlertController.swift in Sources */ = {isa = PBXBuildFile; fileRef = 13A06F80233A3E2F00E62914 /* AlertController.swift */; };
		13A06F84233A437A00E62914 /* ExpenseFilterViewController.swift in Sources */ = {isa = PBXBuildFile; fileRef = 13A06F83233A437A00E62914 /* ExpenseFilterViewController.swift */; };
		13A06F87233A48F700E62914 /* ExpenseDetailsViewController.swift in Sources */ = {isa = PBXBuildFile; fileRef = 13A06F86233A48F700E62914 /* ExpenseDetailsViewController.swift */; };
		13A06F8B233A491700E62914 /* ExpenseDetailsProvider.swift in Sources */ = {isa = PBXBuildFile; fileRef = 13A06F88233A491700E62914 /* ExpenseDetailsProvider.swift */; };
		13A06F8C233A491700E62914 /* ExpenseDetailsPresenter.swift in Sources */ = {isa = PBXBuildFile; fileRef = 13A06F89233A491700E62914 /* ExpenseDetailsPresenter.swift */; };
		13A06F8D233A491700E62914 /* ExpenseDetailsView.swift in Sources */ = {isa = PBXBuildFile; fileRef = 13A06F8A233A491700E62914 /* ExpenseDetailsView.swift */; };
		13A06F95233A49A600E62914 /* ReceiptsImageCollectionCell.swift in Sources */ = {isa = PBXBuildFile; fileRef = 13A06F8F233A49A600E62914 /* ReceiptsImageCollectionCell.swift */; };
		13A06F96233A49A600E62914 /* ExpenseCommentTableViewCell.swift in Sources */ = {isa = PBXBuildFile; fileRef = 13A06F91233A49A600E62914 /* ExpenseCommentTableViewCell.swift */; };
		13A06F97233A49A600E62914 /* ExpenseHeaderCell.swift in Sources */ = {isa = PBXBuildFile; fileRef = 13A06F92233A49A600E62914 /* ExpenseHeaderCell.swift */; };
		13A06F98233A49A600E62914 /* ExpenseReceiptsTableViewCell.swift in Sources */ = {isa = PBXBuildFile; fileRef = 13A06F93233A49A600E62914 /* ExpenseReceiptsTableViewCell.swift */; };
		13A06F99233A49A600E62914 /* ExpenseDetailsTableViewCell.swift in Sources */ = {isa = PBXBuildFile; fileRef = 13A06F94233A49A600E62914 /* ExpenseDetailsTableViewCell.swift */; };
		13A06F9B233A504B00E62914 /* UITextView+Toolbar.swift in Sources */ = {isa = PBXBuildFile; fileRef = 13A06F9A233A504B00E62914 /* UITextView+Toolbar.swift */; };
		13A06F9D233A510C00E62914 /* UITableView+RefreshControl.swift in Sources */ = {isa = PBXBuildFile; fileRef = 13A06F9C233A510C00E62914 /* UITableView+RefreshControl.swift */; };
		237B568E77A2065D8545E716 /* Pods_ExpenseManagerTests.framework in Frameworks */ = {isa = PBXBuildFile; fileRef = A99FEBE3B6E979BF807AE7C9 /* Pods_ExpenseManagerTests.framework */; };
		A6F4ADEC3B0D74A2A3978460 /* Pods_ExpenseManager.framework in Frameworks */ = {isa = PBXBuildFile; fileRef = 5C42702583514F3D053394B1 /* Pods_ExpenseManager.framework */; };
		FDE9F85A2EFDFCEF8C6A5BE3 /* Pods_ExpenseManagerUITests.framework in Frameworks */ = {isa = PBXBuildFile; fileRef = BC1F147ABB3A4DAEF7E08D90 /* Pods_ExpenseManagerUITests.framework */; };
/* End PBXBuildFile section */

/* Begin PBXContainerItemProxy section */
		13A06EE5233A279B00E62914 /* PBXContainerItemProxy */ = {
			isa = PBXContainerItemProxy;
			containerPortal = 13A06EC8233A279800E62914 /* Project object */;
			proxyType = 1;
			remoteGlobalIDString = 13A06ECF233A279800E62914;
			remoteInfo = ExpenseManager;
		};
		13A06EF0233A279B00E62914 /* PBXContainerItemProxy */ = {
			isa = PBXContainerItemProxy;
			containerPortal = 13A06EC8233A279800E62914 /* Project object */;
			proxyType = 1;
			remoteGlobalIDString = 13A06ECF233A279800E62914;
			remoteInfo = ExpenseManager;
		};
/* End PBXContainerItemProxy section */

/* Begin PBXFileReference section */
		13A06ED0233A279800E62914 /* ExpenseManager.app */ = {isa = PBXFileReference; explicitFileType = wrapper.application; includeInIndex = 0; path = ExpenseManager.app; sourceTree = BUILT_PRODUCTS_DIR; };
		13A06ED3233A279800E62914 /* AppDelegate.swift */ = {isa = PBXFileReference; lastKnownFileType = sourcecode.swift; path = AppDelegate.swift; sourceTree = "<group>"; };
		13A06ED8233A279800E62914 /* Base */ = {isa = PBXFileReference; lastKnownFileType = file.storyboard; name = Base; path = Base.lproj/Main.storyboard; sourceTree = "<group>"; };
		13A06EDA233A279A00E62914 /* Assets.xcassets */ = {isa = PBXFileReference; lastKnownFileType = folder.assetcatalog; path = Assets.xcassets; sourceTree = "<group>"; };
		13A06EDD233A279A00E62914 /* Base */ = {isa = PBXFileReference; lastKnownFileType = file.storyboard; name = Base; path = Base.lproj/LaunchScreen.storyboard; sourceTree = "<group>"; };
		13A06EDF233A279A00E62914 /* Info.plist */ = {isa = PBXFileReference; lastKnownFileType = text.plist.xml; path = Info.plist; sourceTree = "<group>"; };
		13A06EE4233A279B00E62914 /* ExpenseManagerTests.xctest */ = {isa = PBXFileReference; explicitFileType = wrapper.cfbundle; includeInIndex = 0; path = ExpenseManagerTests.xctest; sourceTree = BUILT_PRODUCTS_DIR; };
		13A06EE8233A279B00E62914 /* ExpenseManagerTests.swift */ = {isa = PBXFileReference; lastKnownFileType = sourcecode.swift; path = ExpenseManagerTests.swift; sourceTree = "<group>"; };
		13A06EEA233A279B00E62914 /* Info.plist */ = {isa = PBXFileReference; lastKnownFileType = text.plist.xml; path = Info.plist; sourceTree = "<group>"; };
		13A06EEF233A279B00E62914 /* ExpenseManagerUITests.xctest */ = {isa = PBXFileReference; explicitFileType = wrapper.cfbundle; includeInIndex = 0; path = ExpenseManagerUITests.xctest; sourceTree = BUILT_PRODUCTS_DIR; };
		13A06EF3233A279B00E62914 /* ExpenseManagerUITests.swift */ = {isa = PBXFileReference; lastKnownFileType = sourcecode.swift; path = ExpenseManagerUITests.swift; sourceTree = "<group>"; };
		13A06EF5233A279B00E62914 /* Info.plist */ = {isa = PBXFileReference; lastKnownFileType = text.plist.xml; path = Info.plist; sourceTree = "<group>"; };
		13A06F07233A29BD00E62914 /* en */ = {isa = PBXFileReference; lastKnownFileType = text.plist.strings; name = en; path = en.lproj/Localizable.strings; sourceTree = "<group>"; };
		13A06F09233A29C900E62914 /* fr */ = {isa = PBXFileReference; lastKnownFileType = text.plist.strings; name = fr; path = fr.lproj/Localizable.strings; sourceTree = "<group>"; };
		13A06F0B233A2B4600E62914 /* UIColor+Extension.swift */ = {isa = PBXFileReference; fileEncoding = 4; lastKnownFileType = sourcecode.swift; path = "UIColor+Extension.swift"; sourceTree = "<group>"; };
		13A06F0E233A2B7C00E62914 /* ExpensesListViewController.swift */ = {isa = PBXFileReference; fileEncoding = 4; lastKnownFileType = sourcecode.swift; path = ExpensesListViewController.swift; sourceTree = "<group>"; };
		13A06F11233A2BD700E62914 /* Constant.swift */ = {isa = PBXFileReference; fileEncoding = 4; lastKnownFileType = sourcecode.swift; path = Constant.swift; sourceTree = "<group>"; };
		13A06F13233A2BFB00E62914 /* String+Extension.swift */ = {isa = PBXFileReference; fileEncoding = 4; lastKnownFileType = sourcecode.swift; path = "String+Extension.swift"; sourceTree = "<group>"; };
		13A06F18233A2DAB00E62914 /* Storyboard.swift */ = {isa = PBXFileReference; fileEncoding = 4; lastKnownFileType = sourcecode.swift; path = Storyboard.swift; sourceTree = "<group>"; };
		13A06F55233A335C00E62914 /* ExpenseTableViewCell.swift */ = {isa = PBXFileReference; fileEncoding = 4; lastKnownFileType = sourcecode.swift; path = ExpenseTableViewCell.swift; sourceTree = "<group>"; };
		13A06F5A233A361100E62914 /* ExpensesRouter.swift */ = {isa = PBXFileReference; fileEncoding = 4; lastKnownFileType = sourcecode.swift; path = ExpensesRouter.swift; sourceTree = "<group>"; };
		13A06F5C233A361100E62914 /* NetworkManager.swift */ = {isa = PBXFileReference; fileEncoding = 4; lastKnownFileType = sourcecode.swift; path = NetworkManager.swift; sourceTree = "<group>"; };
		13A06F5E233A361100E62914 /* HTTPRouter.swift */ = {isa = PBXFileReference; fileEncoding = 4; lastKnownFileType = sourcecode.swift; path = HTTPRouter.swift; sourceTree = "<group>"; };
		13A06F61233A361100E62914 /* NetworkError.swift */ = {isa = PBXFileReference; fileEncoding = 4; lastKnownFileType = sourcecode.swift; path = NetworkError.swift; sourceTree = "<group>"; };
		13A06F6A233A3CB900E62914 /* ExpensesListPresenter.swift */ = {isa = PBXFileReference; fileEncoding = 4; lastKnownFileType = sourcecode.swift; path = ExpensesListPresenter.swift; sourceTree = "<group>"; };
		13A06F6B233A3CB900E62914 /* ExpensesListProvider.swift */ = {isa = PBXFileReference; fileEncoding = 4; lastKnownFileType = sourcecode.swift; path = ExpensesListProvider.swift; sourceTree = "<group>"; };
		13A06F6C233A3CB900E62914 /* ExpensesListView.swift */ = {isa = PBXFileReference; fileEncoding = 4; lastKnownFileType = sourcecode.swift; path = ExpensesListView.swift; sourceTree = "<group>"; };
		13A06F72233A3CE200E62914 /* Amount.swift */ = {isa = PBXFileReference; fileEncoding = 4; lastKnownFileType = sourcecode.swift; path = Amount.swift; sourceTree = "<group>"; };
		13A06F73233A3CE200E62914 /* ExpensesResponse.swift */ = {isa = PBXFileReference; fileEncoding = 4; lastKnownFileType = sourcecode.swift; path = ExpensesResponse.swift; sourceTree = "<group>"; };
		13A06F74233A3CE200E62914 /* User.swift */ = {isa = PBXFileReference; fileEncoding = 4; lastKnownFileType = sourcecode.swift; path = User.swift; sourceTree = "<group>"; };
		13A06F75233A3CE200E62914 /* Receipt.swift */ = {isa = PBXFileReference; fileEncoding = 4; lastKnownFileType = sourcecode.swift; path = Receipt.swift; sourceTree = "<group>"; };
		13A06F76233A3CE200E62914 /* Expenses.swift */ = {isa = PBXFileReference; fileEncoding = 4; lastKnownFileType = sourcecode.swift; path = Expenses.swift; sourceTree = "<group>"; };
		13A06F7C233A3D3600E62914 /* Date+Extension.swift */ = {isa = PBXFileReference; fileEncoding = 4; lastKnownFileType = sourcecode.swift; path = "Date+Extension.swift"; sourceTree = "<group>"; };
		13A06F7E233A3DBA00E62914 /* RappleIndicator.swift */ = {isa = PBXFileReference; fileEncoding = 4; lastKnownFileType = sourcecode.swift; path = RappleIndicator.swift; sourceTree = "<group>"; };
		13A06F80233A3E2F00E62914 /* AlertController.swift */ = {isa = PBXFileReference; fileEncoding = 4; lastKnownFileType = sourcecode.swift; path = AlertController.swift; sourceTree = "<group>"; };
		13A06F83233A437A00E62914 /* ExpenseFilterViewController.swift */ = {isa = PBXFileReference; fileEncoding = 4; lastKnownFileType = sourcecode.swift; path = ExpenseFilterViewController.swift; sourceTree = "<group>"; };
		13A06F86233A48F700E62914 /* ExpenseDetailsViewController.swift */ = {isa = PBXFileReference; fileEncoding = 4; lastKnownFileType = sourcecode.swift; path = ExpenseDetailsViewController.swift; sourceTree = "<group>"; };
		13A06F88233A491700E62914 /* ExpenseDetailsProvider.swift */ = {isa = PBXFileReference; fileEncoding = 4; lastKnownFileType = sourcecode.swift; path = ExpenseDetailsProvider.swift; sourceTree = "<group>"; };
		13A06F89233A491700E62914 /* ExpenseDetailsPresenter.swift */ = {isa = PBXFileReference; fileEncoding = 4; lastKnownFileType = sourcecode.swift; path = ExpenseDetailsPresenter.swift; sourceTree = "<group>"; };
		13A06F8A233A491700E62914 /* ExpenseDetailsView.swift */ = {isa = PBXFileReference; fileEncoding = 4; lastKnownFileType = sourcecode.swift; path = ExpenseDetailsView.swift; sourceTree = "<group>"; };
		13A06F8F233A49A600E62914 /* ReceiptsImageCollectionCell.swift */ = {isa = PBXFileReference; fileEncoding = 4; lastKnownFileType = sourcecode.swift; path = ReceiptsImageCollectionCell.swift; sourceTree = "<group>"; };
		13A06F91233A49A600E62914 /* ExpenseCommentTableViewCell.swift */ = {isa = PBXFileReference; fileEncoding = 4; lastKnownFileType = sourcecode.swift; path = ExpenseCommentTableViewCell.swift; sourceTree = "<group>"; };
		13A06F92233A49A600E62914 /* ExpenseHeaderCell.swift */ = {isa = PBXFileReference; fileEncoding = 4; lastKnownFileType = sourcecode.swift; path = ExpenseHeaderCell.swift; sourceTree = "<group>"; };
		13A06F93233A49A600E62914 /* ExpenseReceiptsTableViewCell.swift */ = {isa = PBXFileReference; fileEncoding = 4; lastKnownFileType = sourcecode.swift; path = ExpenseReceiptsTableViewCell.swift; sourceTree = "<group>"; };
		13A06F94233A49A600E62914 /* ExpenseDetailsTableViewCell.swift */ = {isa = PBXFileReference; fileEncoding = 4; lastKnownFileType = sourcecode.swift; path = ExpenseDetailsTableViewCell.swift; sourceTree = "<group>"; };
		13A06F9A233A504B00E62914 /* UITextView+Toolbar.swift */ = {isa = PBXFileReference; fileEncoding = 4; lastKnownFileType = sourcecode.swift; path = "UITextView+Toolbar.swift"; sourceTree = "<group>"; };
		13A06F9C233A510C00E62914 /* UITableView+RefreshControl.swift */ = {isa = PBXFileReference; fileEncoding = 4; lastKnownFileType = sourcecode.swift; path = "UITableView+RefreshControl.swift"; sourceTree = "<group>"; };
		50850327D859FB22DDA782B3 /* Pods-ExpenseManagerTests.release.xcconfig */ = {isa = PBXFileReference; includeInIndex = 1; lastKnownFileType = text.xcconfig; name = "Pods-ExpenseManagerTests.release.xcconfig"; path = "Target Support Files/Pods-ExpenseManagerTests/Pods-ExpenseManagerTests.release.xcconfig"; sourceTree = "<group>"; };
		5C42702583514F3D053394B1 /* Pods_ExpenseManager.framework */ = {isa = PBXFileReference; explicitFileType = wrapper.framework; includeInIndex = 0; path = Pods_ExpenseManager.framework; sourceTree = BUILT_PRODUCTS_DIR; };
		5C5DAD676FA5633D9CAECC0A /* Pods-ExpenseManager.debug.xcconfig */ = {isa = PBXFileReference; includeInIndex = 1; lastKnownFileType = text.xcconfig; name = "Pods-ExpenseManager.debug.xcconfig"; path = "Target Support Files/Pods-ExpenseManager/Pods-ExpenseManager.debug.xcconfig"; sourceTree = "<group>"; };
		65ADF5578493C3ACBD368B08 /* Pods-ExpenseManager.release.xcconfig */ = {isa = PBXFileReference; includeInIndex = 1; lastKnownFileType = text.xcconfig; name = "Pods-ExpenseManager.release.xcconfig"; path = "Target Support Files/Pods-ExpenseManager/Pods-ExpenseManager.release.xcconfig"; sourceTree = "<group>"; };
		9B51E322EA5EF487862860CD /* Pods-ExpenseManagerUITests.debug.xcconfig */ = {isa = PBXFileReference; includeInIndex = 1; lastKnownFileType = text.xcconfig; name = "Pods-ExpenseManagerUITests.debug.xcconfig"; path = "Target Support Files/Pods-ExpenseManagerUITests/Pods-ExpenseManagerUITests.debug.xcconfig"; sourceTree = "<group>"; };
		9C86B3ABEB8B36FF7CFBC3BB /* Pods-ExpenseManagerUITests.release.xcconfig */ = {isa = PBXFileReference; includeInIndex = 1; lastKnownFileType = text.xcconfig; name = "Pods-ExpenseManagerUITests.release.xcconfig"; path = "Target Support Files/Pods-ExpenseManagerUITests/Pods-ExpenseManagerUITests.release.xcconfig"; sourceTree = "<group>"; };
		A99FEBE3B6E979BF807AE7C9 /* Pods_ExpenseManagerTests.framework */ = {isa = PBXFileReference; explicitFileType = wrapper.framework; includeInIndex = 0; path = Pods_ExpenseManagerTests.framework; sourceTree = BUILT_PRODUCTS_DIR; };
		B66EB2B2FAD238F0CA61B3A4 /* Pods-ExpenseManagerTests.debug.xcconfig */ = {isa = PBXFileReference; includeInIndex = 1; lastKnownFileType = text.xcconfig; name = "Pods-ExpenseManagerTests.debug.xcconfig"; path = "Target Support Files/Pods-ExpenseManagerTests/Pods-ExpenseManagerTests.debug.xcconfig"; sourceTree = "<group>"; };
		BC1F147ABB3A4DAEF7E08D90 /* Pods_ExpenseManagerUITests.framework */ = {isa = PBXFileReference; explicitFileType = wrapper.framework; includeInIndex = 0; path = Pods_ExpenseManagerUITests.framework; sourceTree = BUILT_PRODUCTS_DIR; };
/* End PBXFileReference section */

/* Begin PBXFrameworksBuildPhase section */
		13A06ECD233A279800E62914 /* Frameworks */ = {
			isa = PBXFrameworksBuildPhase;
			buildActionMask = 2147483647;
			files = (
				A6F4ADEC3B0D74A2A3978460 /* Pods_ExpenseManager.framework in Frameworks */,
			);
			runOnlyForDeploymentPostprocessing = 0;
		};
		13A06EE1233A279B00E62914 /* Frameworks */ = {
			isa = PBXFrameworksBuildPhase;
			buildActionMask = 2147483647;
			files = (
				237B568E77A2065D8545E716 /* Pods_ExpenseManagerTests.framework in Frameworks */,
			);
			runOnlyForDeploymentPostprocessing = 0;
		};
		13A06EEC233A279B00E62914 /* Frameworks */ = {
			isa = PBXFrameworksBuildPhase;
			buildActionMask = 2147483647;
			files = (
				FDE9F85A2EFDFCEF8C6A5BE3 /* Pods_ExpenseManagerUITests.framework in Frameworks */,
			);
			runOnlyForDeploymentPostprocessing = 0;
		};
/* End PBXFrameworksBuildPhase section */

/* Begin PBXGroup section */
		13A06EC7233A279800E62914 = {
			isa = PBXGroup;
			children = (
				13A06ED2233A279800E62914 /* ExpenseManager */,
				13A06EE7233A279B00E62914 /* ExpenseManagerTests */,
				13A06EF2233A279B00E62914 /* ExpenseManagerUITests */,
				13A06ED1233A279800E62914 /* Products */,
				448BA230CFC87651EA56DDC0 /* Pods */,
				D150D961CAD89F939ACE7CF1 /* Frameworks */,
			);
			sourceTree = "<group>";
		};
		13A06ED1233A279800E62914 /* Products */ = {
			isa = PBXGroup;
			children = (
				13A06ED0233A279800E62914 /* ExpenseManager.app */,
				13A06EE4233A279B00E62914 /* ExpenseManagerTests.xctest */,
				13A06EEF233A279B00E62914 /* ExpenseManagerUITests.xctest */,
			);
			name = Products;
			sourceTree = "<group>";
		};
		13A06ED2233A279800E62914 /* ExpenseManager */ = {
			isa = PBXGroup;
			children = (
				13A06F70233A3CE200E62914 /* Models */,
				13A06F57233A361100E62914 /* Network */,
				13A06F10233A2BCB00E62914 /* Helper */,
				13A06F0A233A2B3E00E62914 /* Extension */,
				13A06F03233A298700E62914 /* Resources */,
				13A06F01233A296D00E62914 /* ViewController */,
				13A06F02233A297300E62914 /* Views */,
				13A06ED3233A279800E62914 /* AppDelegate.swift */,
			);
			path = ExpenseManager;
			sourceTree = "<group>";
		};
		13A06EE7233A279B00E62914 /* ExpenseManagerTests */ = {
			isa = PBXGroup;
			children = (
				13A06EE8233A279B00E62914 /* ExpenseManagerTests.swift */,
				13A06EEA233A279B00E62914 /* Info.plist */,
			);
			path = ExpenseManagerTests;
			sourceTree = "<group>";
		};
		13A06EF2233A279B00E62914 /* ExpenseManagerUITests */ = {
			isa = PBXGroup;
			children = (
				13A06EF3233A279B00E62914 /* ExpenseManagerUITests.swift */,
				13A06EF5233A279B00E62914 /* Info.plist */,
			);
			path = ExpenseManagerUITests;
			sourceTree = "<group>";
		};
		13A06F01233A296D00E62914 /* ViewController */ = {
			isa = PBXGroup;
			children = (
				13A06F0D233A2B6000E62914 /* ExpensesList */,
				13A06F82233A437A00E62914 /* ExpenseFilter */,
				13A06F85233A48D300E62914 /* ExpenseDetails */,
			);
			path = ViewController;
			sourceTree = "<group>";
		};
		13A06F02233A297300E62914 /* Views */ = {
			isa = PBXGroup;
			children = (
				13A06ED7233A279800E62914 /* Main.storyboard */,
				13A06EDC233A279A00E62914 /* LaunchScreen.storyboard */,
			);
			path = Views;
			sourceTree = "<group>";
		};
		13A06F03233A298700E62914 /* Resources */ = {
			isa = PBXGroup;
			children = (
				13A06EDA233A279A00E62914 /* Assets.xcassets */,
				13A06EDF233A279A00E62914 /* Info.plist */,
				13A06F08233A29BD00E62914 /* Localizable.strings */,
			);
			path = Resources;
			sourceTree = "<group>";
		};
		13A06F0A233A2B3E00E62914 /* Extension */ = {
			isa = PBXGroup;
			children = (
				13A06F11233A2BD700E62914 /* Constant.swift */,
				13A06F0B233A2B4600E62914 /* UIColor+Extension.swift */,
				13A06F13233A2BFB00E62914 /* String+Extension.swift */,
				13A06F7C233A3D3600E62914 /* Date+Extension.swift */,
				13A06F9C233A510C00E62914 /* UITableView+RefreshControl.swift */,
				13A06F9A233A504B00E62914 /* UITextView+Toolbar.swift */,
			);
			path = Extension;
			sourceTree = "<group>";
		};
		13A06F0D233A2B6000E62914 /* ExpensesList */ = {
			isa = PBXGroup;
			children = (
				13A06F54233A335C00E62914 /* TableViewCell */,
				13A06F6A233A3CB900E62914 /* ExpensesListPresenter.swift */,
				13A06F6B233A3CB900E62914 /* ExpensesListProvider.swift */,
				13A06F6C233A3CB900E62914 /* ExpensesListView.swift */,
				13A06F0E233A2B7C00E62914 /* ExpensesListViewController.swift */,
			);
			path = ExpensesList;
			sourceTree = "<group>";
		};
		13A06F10233A2BCB00E62914 /* Helper */ = {
			isa = PBXGroup;
			children = (
				13A06F18233A2DAB00E62914 /* Storyboard.swift */,
				13A06F7E233A3DBA00E62914 /* RappleIndicator.swift */,
				13A06F80233A3E2F00E62914 /* AlertController.swift */,
			);
			path = Helper;
			sourceTree = "<group>";
		};
		13A06F54233A335C00E62914 /* TableViewCell */ = {
			isa = PBXGroup;
			children = (
				13A06F55233A335C00E62914 /* ExpenseTableViewCell.swift */,
			);
			path = TableViewCell;
			sourceTree = "<group>";
		};
		13A06F57233A361100E62914 /* Network */ = {
			isa = PBXGroup;
			children = (
				13A06F58233A361100E62914 /* Routers */,
				13A06F5D233A361100E62914 /* Protocol */,
				13A06F5C233A361100E62914 /* NetworkManager.swift */,
				13A06F61233A361100E62914 /* NetworkError.swift */,
			);
			path = Network;
			sourceTree = "<group>";
		};
		13A06F58233A361100E62914 /* Routers */ = {
			isa = PBXGroup;
			children = (
				13A06F5A233A361100E62914 /* ExpensesRouter.swift */,
			);
			path = Routers;
			sourceTree = "<group>";
		};
		13A06F5D233A361100E62914 /* Protocol */ = {
			isa = PBXGroup;
			children = (
				13A06F5E233A361100E62914 /* HTTPRouter.swift */,
			);
			path = Protocol;
			sourceTree = "<group>";
		};
		13A06F70233A3CE200E62914 /* Models */ = {
			isa = PBXGroup;
			children = (
				13A06F71233A3CE200E62914 /* Expenses */,
			);
			path = Models;
			sourceTree = "<group>";
		};
		13A06F71233A3CE200E62914 /* Expenses */ = {
			isa = PBXGroup;
			children = (
				13A06F72233A3CE200E62914 /* Amount.swift */,
				13A06F73233A3CE200E62914 /* ExpensesResponse.swift */,
				13A06F74233A3CE200E62914 /* User.swift */,
				13A06F75233A3CE200E62914 /* Receipt.swift */,
				13A06F76233A3CE200E62914 /* Expenses.swift */,
			);
			path = Expenses;
			sourceTree = "<group>";
		};
		13A06F82233A437A00E62914 /* ExpenseFilter */ = {
			isa = PBXGroup;
			children = (
				13A06F83233A437A00E62914 /* ExpenseFilterViewController.swift */,
			);
			path = ExpenseFilter;
			sourceTree = "<group>";
		};
		13A06F85233A48D300E62914 /* ExpenseDetails */ = {
			isa = PBXGroup;
			children = (
				13A06F8E233A49A600E62914 /* CollectionCells */,
				13A06F90233A49A600E62914 /* TableCells */,
				13A06F89233A491700E62914 /* ExpenseDetailsPresenter.swift */,
				13A06F88233A491700E62914 /* ExpenseDetailsProvider.swift */,
				13A06F8A233A491700E62914 /* ExpenseDetailsView.swift */,
				13A06F86233A48F700E62914 /* ExpenseDetailsViewController.swift */,
			);
			path = ExpenseDetails;
			sourceTree = "<group>";
		};
		13A06F8E233A49A600E62914 /* CollectionCells */ = {
			isa = PBXGroup;
			children = (
				13A06F8F233A49A600E62914 /* ReceiptsImageCollectionCell.swift */,
			);
			path = CollectionCells;
			sourceTree = "<group>";
		};
		13A06F90233A49A600E62914 /* TableCells */ = {
			isa = PBXGroup;
			children = (
				13A06F92233A49A600E62914 /* ExpenseHeaderCell.swift */,
				13A06F94233A49A600E62914 /* ExpenseDetailsTableViewCell.swift */,
				13A06F91233A49A600E62914 /* ExpenseCommentTableViewCell.swift */,
				13A06F93233A49A600E62914 /* ExpenseReceiptsTableViewCell.swift */,
			);
			path = TableCells;
			sourceTree = "<group>";
		};
		448BA230CFC87651EA56DDC0 /* Pods */ = {
			isa = PBXGroup;
			children = (
				5C5DAD676FA5633D9CAECC0A /* Pods-ExpenseManager.debug.xcconfig */,
				65ADF5578493C3ACBD368B08 /* Pods-ExpenseManager.release.xcconfig */,
				B66EB2B2FAD238F0CA61B3A4 /* Pods-ExpenseManagerTests.debug.xcconfig */,
				50850327D859FB22DDA782B3 /* Pods-ExpenseManagerTests.release.xcconfig */,
				9B51E322EA5EF487862860CD /* Pods-ExpenseManagerUITests.debug.xcconfig */,
				9C86B3ABEB8B36FF7CFBC3BB /* Pods-ExpenseManagerUITests.release.xcconfig */,
			);
			path = Pods;
			sourceTree = "<group>";
		};
		D150D961CAD89F939ACE7CF1 /* Frameworks */ = {
			isa = PBXGroup;
			children = (
				5C42702583514F3D053394B1 /* Pods_ExpenseManager.framework */,
				A99FEBE3B6E979BF807AE7C9 /* Pods_ExpenseManagerTests.framework */,
				BC1F147ABB3A4DAEF7E08D90 /* Pods_ExpenseManagerUITests.framework */,
			);
			name = Frameworks;
			sourceTree = "<group>";
		};
/* End PBXGroup section */

/* Begin PBXNativeTarget section */
		13A06ECF233A279800E62914 /* ExpenseManager */ = {
			isa = PBXNativeTarget;
			buildConfigurationList = 13A06EF8233A279B00E62914 /* Build configuration list for PBXNativeTarget "ExpenseManager" */;
			buildPhases = (
				DD6CC808559C7F4ACBE6730D /* [CP] Check Pods Manifest.lock */,
				13A06ECC233A279800E62914 /* Sources */,
				13A06ECD233A279800E62914 /* Frameworks */,
				13A06ECE233A279800E62914 /* Resources */,
				71EC8436244E1F8CEFCA6538 /* [CP] Embed Pods Frameworks */,
			);
			buildRules = (
			);
			dependencies = (
			);
			name = ExpenseManager;
			productName = ExpenseManager;
			productReference = 13A06ED0233A279800E62914 /* ExpenseManager.app */;
			productType = "com.apple.product-type.application";
		};
		13A06EE3233A279B00E62914 /* ExpenseManagerTests */ = {
			isa = PBXNativeTarget;
			buildConfigurationList = 13A06EFB233A279B00E62914 /* Build configuration list for PBXNativeTarget "ExpenseManagerTests" */;
			buildPhases = (
				DF7898A45698962A79406822 /* [CP] Check Pods Manifest.lock */,
				13A06EE0233A279B00E62914 /* Sources */,
				13A06EE1233A279B00E62914 /* Frameworks */,
				13A06EE2233A279B00E62914 /* Resources */,
			);
			buildRules = (
			);
			dependencies = (
				13A06EE6233A279B00E62914 /* PBXTargetDependency */,
			);
			name = ExpenseManagerTests;
			productName = ExpenseManagerTests;
			productReference = 13A06EE4233A279B00E62914 /* ExpenseManagerTests.xctest */;
			productType = "com.apple.product-type.bundle.unit-test";
		};
		13A06EEE233A279B00E62914 /* ExpenseManagerUITests */ = {
			isa = PBXNativeTarget;
			buildConfigurationList = 13A06EFE233A279B00E62914 /* Build configuration list for PBXNativeTarget "ExpenseManagerUITests" */;
			buildPhases = (
				CB2E55595009EBB03BA00A4E /* [CP] Check Pods Manifest.lock */,
				13A06EEB233A279B00E62914 /* Sources */,
				13A06EEC233A279B00E62914 /* Frameworks */,
				13A06EED233A279B00E62914 /* Resources */,
			);
			buildRules = (
			);
			dependencies = (
				13A06EF1233A279B00E62914 /* PBXTargetDependency */,
			);
			name = ExpenseManagerUITests;
			productName = ExpenseManagerUITests;
			productReference = 13A06EEF233A279B00E62914 /* ExpenseManagerUITests.xctest */;
			productType = "com.apple.product-type.bundle.ui-testing";
		};
/* End PBXNativeTarget section */

/* Begin PBXProject section */
		13A06EC8233A279800E62914 /* Project object */ = {
			isa = PBXProject;
			attributes = {
				LastSwiftUpdateCheck = 1020;
				LastUpgradeCheck = 1020;
				ORGANIZATIONNAME = nishant;
				TargetAttributes = {
					13A06ECF233A279800E62914 = {
						CreatedOnToolsVersion = 10.2;
					};
					13A06EE3233A279B00E62914 = {
						CreatedOnToolsVersion = 10.2;
						TestTargetID = 13A06ECF233A279800E62914;
					};
					13A06EEE233A279B00E62914 = {
						CreatedOnToolsVersion = 10.2;
						TestTargetID = 13A06ECF233A279800E62914;
					};
				};
			};
			buildConfigurationList = 13A06ECB233A279800E62914 /* Build configuration list for PBXProject "ExpenseManager" */;
			compatibilityVersion = "Xcode 9.3";
			developmentRegion = en;
			hasScannedForEncodings = 0;
			knownRegions = (
				en,
				Base,
				fr,
			);
			mainGroup = 13A06EC7233A279800E62914;
			productRefGroup = 13A06ED1233A279800E62914 /* Products */;
			projectDirPath = "";
			projectRoot = "";
			targets = (
				13A06ECF233A279800E62914 /* ExpenseManager */,
				13A06EE3233A279B00E62914 /* ExpenseManagerTests */,
				13A06EEE233A279B00E62914 /* ExpenseManagerUITests */,
			);
		};
/* End PBXProject section */

/* Begin PBXResourcesBuildPhase section */
		13A06ECE233A279800E62914 /* Resources */ = {
			isa = PBXResourcesBuildPhase;
			buildActionMask = 2147483647;
			files = (
				13A06EDE233A279A00E62914 /* LaunchScreen.storyboard in Resources */,
				13A06F06233A29BD00E62914 /* Localizable.strings in Resources */,
				13A06EDB233A279A00E62914 /* Assets.xcassets in Resources */,
				13A06ED9233A279800E62914 /* Main.storyboard in Resources */,
			);
			runOnlyForDeploymentPostprocessing = 0;
		};
		13A06EE2233A279B00E62914 /* Resources */ = {
			isa = PBXResourcesBuildPhase;
			buildActionMask = 2147483647;
			files = (
			);
			runOnlyForDeploymentPostprocessing = 0;
		};
		13A06EED233A279B00E62914 /* Resources */ = {
			isa = PBXResourcesBuildPhase;
			buildActionMask = 2147483647;
			files = (
			);
			runOnlyForDeploymentPostprocessing = 0;
		};
/* End PBXResourcesBuildPhase section */

/* Begin PBXShellScriptBuildPhase section */
		71EC8436244E1F8CEFCA6538 /* [CP] Embed Pods Frameworks */ = {
			isa = PBXShellScriptBuildPhase;
			buildActionMask = 2147483647;
			files = (
			);
			inputFileListPaths = (
				"${PODS_ROOT}/Target Support Files/Pods-ExpenseManager/Pods-ExpenseManager-frameworks-${CONFIGURATION}-input-files.xcfilelist",
			);
			name = "[CP] Embed Pods Frameworks";
			outputFileListPaths = (
				"${PODS_ROOT}/Target Support Files/Pods-ExpenseManager/Pods-ExpenseManager-frameworks-${CONFIGURATION}-output-files.xcfilelist",
			);
			runOnlyForDeploymentPostprocessing = 0;
			shellPath = /bin/sh;
			shellScript = "\"${PODS_ROOT}/Target Support Files/Pods-ExpenseManager/Pods-ExpenseManager-frameworks.sh\"\n";
			showEnvVarsInLog = 0;
		};
		CB2E55595009EBB03BA00A4E /* [CP] Check Pods Manifest.lock */ = {
			isa = PBXShellScriptBuildPhase;
			buildActionMask = 2147483647;
			files = (
			);
			inputFileListPaths = (
			);
			inputPaths = (
				"${PODS_PODFILE_DIR_PATH}/Podfile.lock",
				"${PODS_ROOT}/Manifest.lock",
			);
			name = "[CP] Check Pods Manifest.lock";
			outputFileListPaths = (
			);
			outputPaths = (
				"$(DERIVED_FILE_DIR)/Pods-ExpenseManagerUITests-checkManifestLockResult.txt",
			);
			runOnlyForDeploymentPostprocessing = 0;
			shellPath = /bin/sh;
			shellScript = "diff \"${PODS_PODFILE_DIR_PATH}/Podfile.lock\" \"${PODS_ROOT}/Manifest.lock\" > /dev/null\nif [ $? != 0 ] ; then\n    # print error to STDERR\n    echo \"error: The sandbox is not in sync with the Podfile.lock. Run 'pod install' or update your CocoaPods installation.\" >&2\n    exit 1\nfi\n# This output is used by Xcode 'outputs' to avoid re-running this script phase.\necho \"SUCCESS\" > \"${SCRIPT_OUTPUT_FILE_0}\"\n";
			showEnvVarsInLog = 0;
		};
		DD6CC808559C7F4ACBE6730D /* [CP] Check Pods Manifest.lock */ = {
			isa = PBXShellScriptBuildPhase;
			buildActionMask = 2147483647;
			files = (
			);
			inputFileListPaths = (
			);
			inputPaths = (
				"${PODS_PODFILE_DIR_PATH}/Podfile.lock",
				"${PODS_ROOT}/Manifest.lock",
			);
			name = "[CP] Check Pods Manifest.lock";
			outputFileListPaths = (
			);
			outputPaths = (
				"$(DERIVED_FILE_DIR)/Pods-ExpenseManager-checkManifestLockResult.txt",
			);
			runOnlyForDeploymentPostprocessing = 0;
			shellPath = /bin/sh;
			shellScript = "diff \"${PODS_PODFILE_DIR_PATH}/Podfile.lock\" \"${PODS_ROOT}/Manifest.lock\" > /dev/null\nif [ $? != 0 ] ; then\n    # print error to STDERR\n    echo \"error: The sandbox is not in sync with the Podfile.lock. Run 'pod install' or update your CocoaPods installation.\" >&2\n    exit 1\nfi\n# This output is used by Xcode 'outputs' to avoid re-running this script phase.\necho \"SUCCESS\" > \"${SCRIPT_OUTPUT_FILE_0}\"\n";
			showEnvVarsInLog = 0;
		};
		DF7898A45698962A79406822 /* [CP] Check Pods Manifest.lock */ = {
			isa = PBXShellScriptBuildPhase;
			buildActionMask = 2147483647;
			files = (
			);
			inputFileListPaths = (
			);
			inputPaths = (
				"${PODS_PODFILE_DIR_PATH}/Podfile.lock",
				"${PODS_ROOT}/Manifest.lock",
			);
			name = "[CP] Check Pods Manifest.lock";
			outputFileListPaths = (
			);
			outputPaths = (
				"$(DERIVED_FILE_DIR)/Pods-ExpenseManagerTests-checkManifestLockResult.txt",
			);
			runOnlyForDeploymentPostprocessing = 0;
			shellPath = /bin/sh;
			shellScript = "diff \"${PODS_PODFILE_DIR_PATH}/Podfile.lock\" \"${PODS_ROOT}/Manifest.lock\" > /dev/null\nif [ $? != 0 ] ; then\n    # print error to STDERR\n    echo \"error: The sandbox is not in sync with the Podfile.lock. Run 'pod install' or update your CocoaPods installation.\" >&2\n    exit 1\nfi\n# This output is used by Xcode 'outputs' to avoid re-running this script phase.\necho \"SUCCESS\" > \"${SCRIPT_OUTPUT_FILE_0}\"\n";
			showEnvVarsInLog = 0;
		};
/* End PBXShellScriptBuildPhase section */

/* Begin PBXSourcesBuildPhase section */
		13A06ECC233A279800E62914 /* Sources */ = {
			isa = PBXSourcesBuildPhase;
			buildActionMask = 2147483647;
			files = (
				13A06F84233A437A00E62914 /* ExpenseFilterViewController.swift in Sources */,
				13A06F0C233A2B4600E62914 /* UIColor+Extension.swift in Sources */,
				13A06F8C233A491700E62914 /* ExpenseDetailsPresenter.swift in Sources */,
				13A06F87233A48F700E62914 /* ExpenseDetailsViewController.swift in Sources */,
				13A06F6F233A3CB900E62914 /* ExpensesListView.swift in Sources */,
				13A06F7B233A3CE200E62914 /* Expenses.swift in Sources */,
				13A06F8D233A491700E62914 /* ExpenseDetailsView.swift in Sources */,
				13A06F12233A2BD700E62914 /* Constant.swift in Sources */,
				13A06F56233A335C00E62914 /* ExpenseTableViewCell.swift in Sources */,
				13A06F7D233A3D3600E62914 /* Date+Extension.swift in Sources */,
				13A06F95233A49A600E62914 /* ReceiptsImageCollectionCell.swift in Sources */,
				13A06F65233A361200E62914 /* NetworkManager.swift in Sources */,
				13A06F77233A3CE200E62914 /* Amount.swift in Sources */,
				13A06F81233A3E2F00E62914 /* AlertController.swift in Sources */,
				13A06F19233A2DAB00E62914 /* Storyboard.swift in Sources */,
				13A06F79233A3CE200E62914 /* User.swift in Sources */,
				13A06F9B233A504B00E62914 /* UITextView+Toolbar.swift in Sources */,
				13A06F98233A49A600E62914 /* ExpenseReceiptsTableViewCell.swift in Sources */,
				13A06F6D233A3CB900E62914 /* ExpensesListPresenter.swift in Sources */,
				13A06F97233A49A600E62914 /* ExpenseHeaderCell.swift in Sources */,
				13A06F9D233A510C00E62914 /* UITableView+RefreshControl.swift in Sources */,
				13A06F6E233A3CB900E62914 /* ExpensesListProvider.swift in Sources */,
				13A06F96233A49A600E62914 /* ExpenseCommentTableViewCell.swift in Sources */,
				13A06F0F233A2B7C00E62914 /* ExpensesListViewController.swift in Sources */,
				13A06F69233A361200E62914 /* NetworkError.swift in Sources */,
				13A06F99233A49A600E62914 /* ExpenseDetailsTableViewCell.swift in Sources */,
				13A06F7A233A3CE200E62914 /* Receipt.swift in Sources */,
				13A06F8B233A491700E62914 /* ExpenseDetailsProvider.swift in Sources */,
				13A06F78233A3CE200E62914 /* ExpensesResponse.swift in Sources */,
				13A06F7F233A3DBA00E62914 /* RappleIndicator.swift in Sources */,
				13A06F66233A361200E62914 /* HTTPRouter.swift in Sources */,
				13A06F14233A2BFB00E62914 /* String+Extension.swift in Sources */,
				13A06ED4233A279800E62914 /* AppDelegate.swift in Sources */,
				13A06F63233A361200E62914 /* ExpensesRouter.swift in Sources */,
			);
			runOnlyForDeploymentPostprocessing = 0;
		};
		13A06EE0233A279B00E62914 /* Sources */ = {
			isa = PBXSourcesBuildPhase;
			buildActionMask = 2147483647;
			files = (
				13A06EE9233A279B00E62914 /* ExpenseManagerTests.swift in Sources */,
			);
			runOnlyForDeploymentPostprocessing = 0;
		};
		13A06EEB233A279B00E62914 /* Sources */ = {
			isa = PBXSourcesBuildPhase;
			buildActionMask = 2147483647;
			files = (
				13A06EF4233A279B00E62914 /* ExpenseManagerUITests.swift in Sources */,
			);
			runOnlyForDeploymentPostprocessing = 0;
		};
/* End PBXSourcesBuildPhase section */

/* Begin PBXTargetDependency section */
		13A06EE6233A279B00E62914 /* PBXTargetDependency */ = {
			isa = PBXTargetDependency;
			target = 13A06ECF233A279800E62914 /* ExpenseManager */;
			targetProxy = 13A06EE5233A279B00E62914 /* PBXContainerItemProxy */;
		};
		13A06EF1233A279B00E62914 /* PBXTargetDependency */ = {
			isa = PBXTargetDependency;
			target = 13A06ECF233A279800E62914 /* ExpenseManager */;
			targetProxy = 13A06EF0233A279B00E62914 /* PBXContainerItemProxy */;
		};
/* End PBXTargetDependency section */

/* Begin PBXVariantGroup section */
		13A06ED7233A279800E62914 /* Main.storyboard */ = {
			isa = PBXVariantGroup;
			children = (
				13A06ED8233A279800E62914 /* Base */,
			);
			name = Main.storyboard;
			sourceTree = "<group>";
		};
		13A06EDC233A279A00E62914 /* LaunchScreen.storyboard */ = {
			isa = PBXVariantGroup;
			children = (
				13A06EDD233A279A00E62914 /* Base */,
			);
			name = LaunchScreen.storyboard;
			sourceTree = "<group>";
		};
		13A06F08233A29BD00E62914 /* Localizable.strings */ = {
			isa = PBXVariantGroup;
			children = (
				13A06F07233A29BD00E62914 /* en */,
				13A06F09233A29C900E62914 /* fr */,
			);
			name = Localizable.strings;
			sourceTree = "<group>";
		};
/* End PBXVariantGroup section */

/* Begin XCBuildConfiguration section */
		13A06EF6233A279B00E62914 /* Debug */ = {
			isa = XCBuildConfiguration;
			buildSettings = {
				ALWAYS_SEARCH_USER_PATHS = NO;
				CLANG_ANALYZER_LOCALIZABILITY_NONLOCALIZED = YES;
				CLANG_ANALYZER_NONNULL = YES;
				CLANG_ANALYZER_NUMBER_OBJECT_CONVERSION = YES_AGGRESSIVE;
				CLANG_CXX_LANGUAGE_STANDARD = "gnu++14";
				CLANG_CXX_LIBRARY = "libc++";
				CLANG_ENABLE_MODULES = YES;
				CLANG_ENABLE_OBJC_ARC = YES;
				CLANG_ENABLE_OBJC_WEAK = YES;
				CLANG_WARN_BLOCK_CAPTURE_AUTORELEASING = YES;
				CLANG_WARN_BOOL_CONVERSION = YES;
				CLANG_WARN_COMMA = YES;
				CLANG_WARN_CONSTANT_CONVERSION = YES;
				CLANG_WARN_DEPRECATED_OBJC_IMPLEMENTATIONS = YES;
				CLANG_WARN_DIRECT_OBJC_ISA_USAGE = YES_ERROR;
				CLANG_WARN_DOCUMENTATION_COMMENTS = YES;
				CLANG_WARN_EMPTY_BODY = YES;
				CLANG_WARN_ENUM_CONVERSION = YES;
				CLANG_WARN_INFINITE_RECURSION = YES;
				CLANG_WARN_INT_CONVERSION = YES;
				CLANG_WARN_NON_LITERAL_NULL_CONVERSION = YES;
				CLANG_WARN_OBJC_IMPLICIT_RETAIN_SELF = YES;
				CLANG_WARN_OBJC_LITERAL_CONVERSION = YES;
				CLANG_WARN_OBJC_ROOT_CLASS = YES_ERROR;
				CLANG_WARN_RANGE_LOOP_ANALYSIS = YES;
				CLANG_WARN_STRICT_PROTOTYPES = YES;
				CLANG_WARN_SUSPICIOUS_MOVE = YES;
				CLANG_WARN_UNGUARDED_AVAILABILITY = YES_AGGRESSIVE;
				CLANG_WARN_UNREACHABLE_CODE = YES;
				CLANG_WARN__DUPLICATE_METHOD_MATCH = YES;
				CODE_SIGN_IDENTITY = "iPhone Developer";
				COPY_PHASE_STRIP = NO;
				DEBUG_INFORMATION_FORMAT = dwarf;
				ENABLE_STRICT_OBJC_MSGSEND = YES;
				ENABLE_TESTABILITY = YES;
				GCC_C_LANGUAGE_STANDARD = gnu11;
				GCC_DYNAMIC_NO_PIC = NO;
				GCC_NO_COMMON_BLOCKS = YES;
				GCC_OPTIMIZATION_LEVEL = 0;
				GCC_PREPROCESSOR_DEFINITIONS = (
					"DEBUG=1",
					"$(inherited)",
				);
				GCC_WARN_64_TO_32_BIT_CONVERSION = YES;
				GCC_WARN_ABOUT_RETURN_TYPE = YES_ERROR;
				GCC_WARN_UNDECLARED_SELECTOR = YES;
				GCC_WARN_UNINITIALIZED_AUTOS = YES_AGGRESSIVE;
				GCC_WARN_UNUSED_FUNCTION = YES;
				GCC_WARN_UNUSED_VARIABLE = YES;
				IPHONEOS_DEPLOYMENT_TARGET = 12.2;
				MTL_ENABLE_DEBUG_INFO = INCLUDE_SOURCE;
				MTL_FAST_MATH = YES;
				ONLY_ACTIVE_ARCH = YES;
				SDKROOT = iphoneos;
				SWIFT_ACTIVE_COMPILATION_CONDITIONS = DEBUG;
				SWIFT_OPTIMIZATION_LEVEL = "-Onone";
			};
			name = Debug;
		};
		13A06EF7233A279B00E62914 /* Release */ = {
			isa = XCBuildConfiguration;
			buildSettings = {
				ALWAYS_SEARCH_USER_PATHS = NO;
				CLANG_ANALYZER_LOCALIZABILITY_NONLOCALIZED = YES;
				CLANG_ANALYZER_NONNULL = YES;
				CLANG_ANALYZER_NUMBER_OBJECT_CONVERSION = YES_AGGRESSIVE;
				CLANG_CXX_LANGUAGE_STANDARD = "gnu++14";
				CLANG_CXX_LIBRARY = "libc++";
				CLANG_ENABLE_MODULES = YES;
				CLANG_ENABLE_OBJC_ARC = YES;
				CLANG_ENABLE_OBJC_WEAK = YES;
				CLANG_WARN_BLOCK_CAPTURE_AUTORELEASING = YES;
				CLANG_WARN_BOOL_CONVERSION = YES;
				CLANG_WARN_COMMA = YES;
				CLANG_WARN_CONSTANT_CONVERSION = YES;
				CLANG_WARN_DEPRECATED_OBJC_IMPLEMENTATIONS = YES;
				CLANG_WARN_DIRECT_OBJC_ISA_USAGE = YES_ERROR;
				CLANG_WARN_DOCUMENTATION_COMMENTS = YES;
				CLANG_WARN_EMPTY_BODY = YES;
				CLANG_WARN_ENUM_CONVERSION = YES;
				CLANG_WARN_INFINITE_RECURSION = YES;
				CLANG_WARN_INT_CONVERSION = YES;
				CLANG_WARN_NON_LITERAL_NULL_CONVERSION = YES;
				CLANG_WARN_OBJC_IMPLICIT_RETAIN_SELF = YES;
				CLANG_WARN_OBJC_LITERAL_CONVERSION = YES;
				CLANG_WARN_OBJC_ROOT_CLASS = YES_ERROR;
				CLANG_WARN_RANGE_LOOP_ANALYSIS = YES;
				CLANG_WARN_STRICT_PROTOTYPES = YES;
				CLANG_WARN_SUSPICIOUS_MOVE = YES;
				CLANG_WARN_UNGUARDED_AVAILABILITY = YES_AGGRESSIVE;
				CLANG_WARN_UNREACHABLE_CODE = YES;
				CLANG_WARN__DUPLICATE_METHOD_MATCH = YES;
				CODE_SIGN_IDENTITY = "iPhone Developer";
				COPY_PHASE_STRIP = NO;
				DEBUG_INFORMATION_FORMAT = "dwarf-with-dsym";
				ENABLE_NS_ASSERTIONS = NO;
				ENABLE_STRICT_OBJC_MSGSEND = YES;
				GCC_C_LANGUAGE_STANDARD = gnu11;
				GCC_NO_COMMON_BLOCKS = YES;
				GCC_WARN_64_TO_32_BIT_CONVERSION = YES;
				GCC_WARN_ABOUT_RETURN_TYPE = YES_ERROR;
				GCC_WARN_UNDECLARED_SELECTOR = YES;
				GCC_WARN_UNINITIALIZED_AUTOS = YES_AGGRESSIVE;
				GCC_WARN_UNUSED_FUNCTION = YES;
				GCC_WARN_UNUSED_VARIABLE = YES;
				IPHONEOS_DEPLOYMENT_TARGET = 12.2;
				MTL_ENABLE_DEBUG_INFO = NO;
				MTL_FAST_MATH = YES;
				SDKROOT = iphoneos;
				SWIFT_COMPILATION_MODE = wholemodule;
				SWIFT_OPTIMIZATION_LEVEL = "-O";
				VALIDATE_PRODUCT = YES;
			};
			name = Release;
		};
		13A06EF9233A279B00E62914 /* Debug */ = {
			isa = XCBuildConfiguration;
			baseConfigurationReference = 5C5DAD676FA5633D9CAECC0A /* Pods-ExpenseManager.debug.xcconfig */;
			buildSettings = {
				ASSETCATALOG_COMPILER_APPICON_NAME = AppIcon;
				CODE_SIGN_STYLE = Automatic;
				INFOPLIST_FILE = ExpenseManager/Resources/Info.plist;
				IPHONEOS_DEPLOYMENT_TARGET = 10.0;
				LD_RUNPATH_SEARCH_PATHS = (
					"$(inherited)",
					"@executable_path/Frameworks",
				);
				PRODUCT_BUNDLE_IDENTIFIER = com.nishant.ExpenseManager;
				PRODUCT_NAME = "$(TARGET_NAME)";
				SWIFT_VERSION = 5.0;
				TARGETED_DEVICE_FAMILY = "1,2";
			};
			name = Debug;
		};
		13A06EFA233A279B00E62914 /* Release */ = {
			isa = XCBuildConfiguration;
			baseConfigurationReference = 65ADF5578493C3ACBD368B08 /* Pods-ExpenseManager.release.xcconfig */;
			buildSettings = {
				ASSETCATALOG_COMPILER_APPICON_NAME = AppIcon;
				CODE_SIGN_STYLE = Automatic;
				INFOPLIST_FILE = ExpenseManager/Resources/Info.plist;
				IPHONEOS_DEPLOYMENT_TARGET = 10.0;
				LD_RUNPATH_SEARCH_PATHS = (
					"$(inherited)",
					"@executable_path/Frameworks",
				);
				PRODUCT_BUNDLE_IDENTIFIER = com.nishant.ExpenseManager;
				PRODUCT_NAME = "$(TARGET_NAME)";
				SWIFT_VERSION = 5.0;
				TARGETED_DEVICE_FAMILY = "1,2";
			};
			name = Release;
		};
		13A06EFC233A279B00E62914 /* Debug */ = {
			isa = XCBuildConfiguration;
			baseConfigurationReference = B66EB2B2FAD238F0CA61B3A4 /* Pods-ExpenseManagerTests.debug.xcconfig */;
			buildSettings = {
				ALWAYS_EMBED_SWIFT_STANDARD_LIBRARIES = YES;
				BUNDLE_LOADER = "$(TEST_HOST)";
				CODE_SIGN_STYLE = Automatic;
				INFOPLIST_FILE = ExpenseManagerTests/Info.plist;
				LD_RUNPATH_SEARCH_PATHS = (
					"$(inherited)",
					"@executable_path/Frameworks",
					"@loader_path/Frameworks",
				);
				PRODUCT_BUNDLE_IDENTIFIER = com.nishant.ExpenseManagerTests;
				PRODUCT_NAME = "$(TARGET_NAME)";
				SWIFT_VERSION = 5.0;
				TARGETED_DEVICE_FAMILY = "1,2";
				TEST_HOST = "$(BUILT_PRODUCTS_DIR)/ExpenseManager.app/ExpenseManager";
			};
			name = Debug;
		};
		13A06EFD233A279B00E62914 /* Release */ = {
			isa = XCBuildConfiguration;
			baseConfigurationReference = 50850327D859FB22DDA782B3 /* Pods-ExpenseManagerTests.release.xcconfig */;
			buildSettings = {
				ALWAYS_EMBED_SWIFT_STANDARD_LIBRARIES = YES;
				BUNDLE_LOADER = "$(TEST_HOST)";
				CODE_SIGN_STYLE = Automatic;
				INFOPLIST_FILE = ExpenseManagerTests/Info.plist;
				LD_RUNPATH_SEARCH_PATHS = (
					"$(inherited)",
					"@executable_path/Frameworks",
					"@loader_path/Frameworks",
				);
				PRODUCT_BUNDLE_IDENTIFIER = com.nishant.ExpenseManagerTests;
				PRODUCT_NAME = "$(TARGET_NAME)";
				SWIFT_VERSION = 5.0;
				TARGETED_DEVICE_FAMILY = "1,2";
				TEST_HOST = "$(BUILT_PRODUCTS_DIR)/ExpenseManager.app/ExpenseManager";
			};
			name = Release;
		};
		13A06EFF233A279B00E62914 /* Debug */ = {
			isa = XCBuildConfiguration;
			baseConfigurationReference = 9B51E322EA5EF487862860CD /* Pods-ExpenseManagerUITests.debug.xcconfig */;
			buildSettings = {
				ALWAYS_EMBED_SWIFT_STANDARD_LIBRARIES = YES;
				CODE_SIGN_STYLE = Automatic;
				INFOPLIST_FILE = ExpenseManagerUITests/Info.plist;
				LD_RUNPATH_SEARCH_PATHS = (
					"$(inherited)",
					"@executable_path/Frameworks",
					"@loader_path/Frameworks",
				);
				PRODUCT_BUNDLE_IDENTIFIER = com.nishant.ExpenseManagerUITests;
				PRODUCT_NAME = "$(TARGET_NAME)";
				SWIFT_VERSION = 5.0;
				TARGETED_DEVICE_FAMILY = "1,2";
				TEST_TARGET_NAME = ExpenseManager;
			};
			name = Debug;
		};
		13A06F00233A279B00E62914 /* Release */ = {
			isa = XCBuildConfiguration;
			baseConfigurationReference = 9C86B3ABEB8B36FF7CFBC3BB /* Pods-ExpenseManagerUITests.release.xcconfig */;
			buildSettings = {
				ALWAYS_EMBED_SWIFT_STANDARD_LIBRARIES = YES;
				CODE_SIGN_STYLE = Automatic;
				INFOPLIST_FILE = ExpenseManagerUITests/Info.plist;
				LD_RUNPATH_SEARCH_PATHS = (
					"$(inherited)",
					"@executable_path/Frameworks",
					"@loader_path/Frameworks",
				);
				PRODUCT_BUNDLE_IDENTIFIER = com.nishant.ExpenseManagerUITests;
				PRODUCT_NAME = "$(TARGET_NAME)";
				SWIFT_VERSION = 5.0;
				TARGETED_DEVICE_FAMILY = "1,2";
				TEST_TARGET_NAME = ExpenseManager;
			};
			name = Release;
		};
/* End XCBuildConfiguration section */

/* Begin XCConfigurationList section */
		13A06ECB233A279800E62914 /* Build configuration list for PBXProject "ExpenseManager" */ = {
			isa = XCConfigurationList;
			buildConfigurations = (
				13A06EF6233A279B00E62914 /* Debug */,
				13A06EF7233A279B00E62914 /* Release */,
			);
			defaultConfigurationIsVisible = 0;
			defaultConfigurationName = Release;
		};
		13A06EF8233A279B00E62914 /* Build configuration list for PBXNativeTarget "ExpenseManager" */ = {
			isa = XCConfigurationList;
			buildConfigurations = (
				13A06EF9233A279B00E62914 /* Debug */,
				13A06EFA233A279B00E62914 /* Release */,
			);
			defaultConfigurationIsVisible = 0;
			defaultConfigurationName = Release;
		};
		13A06EFB233A279B00E62914 /* Build configuration list for PBXNativeTarget "ExpenseManagerTests" */ = {
			isa = XCConfigurationList;
			buildConfigurations = (
				13A06EFC233A279B00E62914 /* Debug */,
				13A06EFD233A279B00E62914 /* Release */,
			);
			defaultConfigurationIsVisible = 0;
			defaultConfigurationName = Release;
		};
		13A06EFE233A279B00E62914 /* Build configuration list for PBXNativeTarget "ExpenseManagerUITests" */ = {
			isa = XCConfigurationList;
			buildConfigurations = (
				13A06EFF233A279B00E62914 /* Debug */,
				13A06F00233A279B00E62914 /* Release */,
			);
			defaultConfigurationIsVisible = 0;
			defaultConfigurationName = Release;
		};
/* End XCConfigurationList section */
	};
	rootObject = 13A06EC8233A279800E62914 /* Project object */;
}
