PODS:
  - Alamofire (4.9.0)
  - AlamofireNetworkActivityIndicator (2.4.0):
    - Alamofire (~> 4.8)
  - CodableAlamofire (1.1.1):
    - Alamofire (~> 4.0)
  - RangeSeekSlider (1.8.0)
  - RappleProgressHUD (3.0.4)
  - SDWebImage (5.1.1):
    - SDWebImage/Core (= 5.1.1)
  - SDWebImage/Core (5.1.1)

DEPENDENCIES:
  - AlamofireNetworkActivityIndicator
  - CodableAlamofire
  - RangeSeekSlider
  - RappleProgressHUD
  - SDWebImage

SPEC REPOS:
  https://github.com/cocoapods/specs.git:
    - Alamofire
    - AlamofireNetworkActivityIndicator
    - CodableAlamofire
    - RangeSeekSlider
    - RappleProgressHUD
    - SDWebImage

SPEC CHECKSUMS:
  Alamofire: afc3e7c6db61476cb45cdd23fed06bad03bbc321
  AlamofireNetworkActivityIndicator: 9acc3de3ca6645bf0efed462396b0df13dd3e7b8
  CodableAlamofire: b587c1198562824abb1f468aed34feb00d6cecd8
  RangeSeekSlider: 650b11fa1edcb92e1e0ede797669d98622570fb5
  RappleProgressHUD: c57f20ee8e2965c6107aaf76b97ed0f33f00bc1d
  SDWebImage: 96d7f03415ccb28d299d765f93557ff8a617abd8

PODFILE CHECKSUM: fe5f37e4cfca98916837b761084696079963df37

COCOAPODS: 1.7.5
